{
  "name": "cache-manager-fs-hash",
  "version": "3.0.0",
  "lockfileVersion": 3,
  "requires": true,
  "packages": {
    "": {
      "name": "cache-manager-fs-hash",
      "version": "3.0.0",
      "license": "MIT",
      "dependencies": {
        "lockfile": "^1.0.4"
      },
      "devDependencies": {
        "cache-manager": "^7.2.0",
        "cache-manager-fs-hash-v2": "npm:cache-manager-fs-hash@^2.0.0",
        "cache-manager-v4": "npm:cache-manager@^4.1.0",
        "cache-manager-v5": "npm:cache-manager@^5.5.1",
        "cache-manager-v7": "npm:cache-manager@^7.2.0"
      },
      "engines": {
        "node": ">=18.0.0"
      }
    },
    "node_modules/@keyv/serialize": {
      "version": "1.1.0",
      "resolved": "https://registry.npmjs.org/@keyv/serialize/-/serialize-1.1.0.tgz",
      "integrity": "sha512-RlDgexML7Z63Q8BSaqhXdCYNBy/JQnqYIwxofUrNLGCblOMHp+xux2Q8nLMLlPpgHQPoU0Do8Z6btCpRBEqZ8g==",
      "dev": true,
      "license": "MIT"
    },
    "node_modules/async": {
      "version": "3.2.3",
      "resolved": "https://registry.npmjs.org/async/-/async-3.2.3.tgz",
      "integrity": "sha512-spZRyzKL5l5BZQrr/6m/SqFdBN0q3OCI0f9rjfBzCMBIP4p75P620rR3gTmaksNOhmzgdxcaxdNfMy6anrbM0g==",
      "dev": true
    },
    "node_modules/cache-manager": {
      "version": "7.2.0",
      "resolved": "https://registry.npmjs.org/cache-manager/-/cache-manager-7.2.0.tgz",
      "integrity": "sha512-GRv0Ji8Xgqtrg1Mmi4ygYpIt+SOApQNjJb5+rYIl+5y3u+tyBf+Csx79LL4wQjKLio63A6x1OpuBzhMzRv9jJg==",
      "dev": true,
      "license": "MIT",
      "dependencies": {
        "keyv": "^5.5.0"
      }
    },
    "node_modules/cache-manager-fs-hash-v2": {
      "name": "cache-manager-fs-hash",
      "version": "2.0.0",
      "resolved": "https://registry.npmjs.org/cache-manager-fs-hash/-/cache-manager-fs-hash-2.0.0.tgz",
      "integrity": "sha512-w03tp8mvfglRUFtItCdC114rFyzk0umu5LnnRM5spnu2+Mj8/2PrDHCnaoPltto/2fK94fC/Kw2rHqBXqIEgTQ==",
      "dev": true,
      "license": "MIT",
      "dependencies": {
        "lockfile": "^1.0.4"
      },
      "engines": {
        "node": ">=18.0.0"
      }
    },
    "node_modules/cache-manager-v4": {
      "name": "cache-manager",
      "version": "4.1.0",
      "resolved": "https://registry.npmjs.org/cache-manager/-/cache-manager-4.1.0.tgz",
      "integrity": "sha512-ZGM6dLxrP65bfOZmcviWMadUOCICqpLs92+P/S5tj8onz+k+tB7Gr+SAgOUHCQtfm2gYEQDHiKeul4+tYPOJ8A==",
      "dev": true,
      "dependencies": {
        "async": "3.2.3",
        "lodash.clonedeep": "^4.5.0",
        "lru-cache": "^7.10.1"
      }
    },
    "node_modules/cache-manager-v4/node_modules/lru-cache": {
      "version": "7.18.3",
      "resolved": "https://registry.npmjs.org/lru-cache/-/lru-cache-7.18.3.tgz",
      "integrity": "sha512-jumlc0BIUrS3qJGgIkWZsyfAM7NCWiBcCDhnd+3NNM5KbBmLTgHVfWBcg6W+rLUsIpzpERPsvwUP7CckAQSOoA==",
      "dev": true,
      "engines": {
        "node": ">=12"
      }
    },
    "node_modules/cache-manager-v5": {
      "name": "cache-manager",
      "version": "5.7.6",
      "resolved": "https://registry.npmjs.org/cache-manager/-/cache-manager-5.7.6.tgz",
      "integrity": "sha512-wBxnBHjDxF1RXpHCBD6HGvKER003Ts7IIm0CHpggliHzN1RZditb7rXoduE1rplc2DEFYKxhLKgFuchXMJje9w==",
      "dev": true,
      "license": "MIT",
      "dependencies": {
        "eventemitter3": "^5.0.1",
        "lodash.clonedeep": "^4.5.0",
        "lru-cache": "^10.2.2",
        "promise-coalesce": "^1.1.2"
      },
      "engines": {
        "node": ">= 18"
      }
    },
    "node_modules/cache-manager-v7": {
      "name": "cache-manager",
      "version": "7.2.0",
      "resolved": "https://registry.npmjs.org/cache-manager/-/cache-manager-7.2.0.tgz",
      "integrity": "sha512-GRv0Ji8Xgqtrg1Mmi4ygYpIt+SOApQNjJb5+rYIl+5y3u+tyBf+Csx79LL4wQjKLio63A6x1OpuBzhMzRv9jJg==",
      "dev": true,
      "license": "MIT",
      "dependencies": {
        "keyv": "^5.5.0"
      }
    },
    "node_modules/eventemitter3": {
      "version": "5.0.1",
      "resolved": "https://registry.npmjs.org/eventemitter3/-/eventemitter3-5.0.1.tgz",
      "integrity": "sha512-GWkBvjiSZK87ELrYOSESUYeVIc9mvLLf/nXalMOS5dYrgZq9o5OVkbZAVM06CVxYsCwH9BDZFPlQTlPA1j4ahA==",
      "dev": true
    },
    "node_modules/keyv": {
      "version": "5.5.0",
      "resolved": "https://registry.npmjs.org/keyv/-/keyv-5.5.0.tgz",
      "integrity": "sha512-QG7qR2tijh1ftOvClut4YKKg1iW6cx3GZsKoGyJPxHkGWK9oJhG9P3j5deP0QQOGDowBMVQFaP+Vm4NpGYvmIQ==",
      "dev": true,
      "license": "MIT",
      "dependencies": {
        "@keyv/serialize": "^1.1.0"
      }
    },
    "node_modules/lockfile": {
      "version": "1.0.4",
      "resolved": "https://registry.npmjs.org/lockfile/-/lockfile-1.0.4.tgz",
      "integrity": "sha512-cvbTwETRfsFh4nHsL1eGWapU1XFi5Ot9E85sWAwia7Y7EgB7vfqcZhTKZ+l7hCGxSPoushMv5GKhT5PdLv03WA==",
      "dependencies": {
        "signal-exit": "^3.0.2"
      }
    },
    "node_modules/lodash.clonedeep": {
      "version": "4.5.0",
      "resolved": "https://registry.npmjs.org/lodash.clonedeep/-/lodash.clonedeep-4.5.0.tgz",
      "integrity": "sha1-4j8/nE+Pvd6HJSnBBxhXoIblzO8=",
      "dev": true
    },
    "node_modules/lru-cache": {
      "version": "10.4.3",
      "resolved": "https://registry.npmjs.org/lru-cache/-/lru-cache-10.4.3.tgz",
      "integrity": "sha512-JNAzZcXrCt42VGLuYz0zfAzDfAvJWW6AfYlDBQyDV5DClI2m5sAmK+OIO7s59XfsRsWHp02jAJrRadPRGTt6SQ==",
      "dev": true,
      "license": "ISC"
    },
    "node_modules/promise-coalesce": {
      "version": "1.1.2",
      "resolved": "https://registry.npmjs.org/promise-coalesce/-/promise-coalesce-1.1.2.tgz",
      "integrity": "sha512-zLaJ9b8hnC564fnJH6NFSOGZYYdzrAJn2JUUIwzoQb32fG2QAakpDNM+CZo1km6keXkRXRM+hml1BFAPVnPkxg==",
      "dev": true,
      "engines": {
        "node": ">=16"
      }
    },
    "node_modules/signal-exit": {
      "version": "3.0.2",
      "resolved": "https://registry.npmjs.org/signal-exit/-/signal-exit-3.0.2.tgz",
      "integrity": "sha1-tf3AjxKH6hF4Yo5BXiUTK3NkbG0="
    }
  }
}
