{
  "name": "cache-manager-fs-hash",
  "version": "1.0.0",
  "lockfileVersion": 3,
  "requires": true,
  "packages": {
    "": {
      "name": "cache-manager-fs-hash",
      "version": "1.0.0",
      "license": "MIT",
      "dependencies": {
        "lockfile": "^1.0.4"
      },
      "devDependencies": {
        "cache-manager": "^5.5.1",
        "cache-manager-v4": "npm:cache-manager@^4.1.0"
      },
      "engines": {
        "node": ">=18.0.0"
      }
    },
    "node_modules/async": {
      "version": "3.2.3",
      "resolved": "https://registry.npmjs.org/async/-/async-3.2.3.tgz",
      "integrity": "sha512-spZRyzKL5l5BZQrr/6m/SqFdBN0q3OCI0f9rjfBzCMBIP4p75P620rR3gTmaksNOhmzgdxcaxdNfMy6anrbM0g==",
      "dev": true
    },
    "node_modules/cache-manager": {
      "version": "5.5.1",
      "resolved": "https://registry.npmjs.org/cache-manager/-/cache-manager-5.5.1.tgz",
      "integrity": "sha512-QYZFOjZTTennYdN3NNCKh+yq452+wQ4ChyL40jkEyghIgg5Ugwb4YO8ARIIF1fvTBkgDLlLTYFaxZVaPGmQ92A==",
      "dev": true,
      "dependencies": {
        "eventemitter3": "^5.0.1",
        "lodash.clonedeep": "^4.5.0",
        "lru-cache": "^10.2.0",
        "promise-coalesce": "^1.1.2"
      }
    },
    "node_modules/cache-manager-v4": {
      "name": "cache-manager",
      "version": "4.1.0",
      "resolved": "https://registry.npmjs.org/cache-manager/-/cache-manager-4.1.0.tgz",
      "integrity": "sha512-ZGM6dLxrP65bfOZmcviWMadUOCICqpLs92+P/S5tj8onz+k+tB7Gr+SAgOUHCQtfm2gYEQDHiKeul4+tYPOJ8A==",
      "dev": true,
      "dependencies": {
        "async": "3.2.3",
        "lodash.clonedeep": "^4.5.0",
        "lru-cache": "^7.10.1"
      }
    },
    "node_modules/cache-manager-v4/node_modules/lru-cache": {
      "version": "7.18.3",
      "resolved": "https://registry.npmjs.org/lru-cache/-/lru-cache-7.18.3.tgz",
      "integrity": "sha512-jumlc0BIUrS3qJGgIkWZsyfAM7NCWiBcCDhnd+3NNM5KbBmLTgHVfWBcg6W+rLUsIpzpERPsvwUP7CckAQSOoA==",
      "dev": true,
      "engines": {
        "node": ">=12"
      }
    },
    "node_modules/eventemitter3": {
      "version": "5.0.1",
      "resolved": "https://registry.npmjs.org/eventemitter3/-/eventemitter3-5.0.1.tgz",
      "integrity": "sha512-GWkBvjiSZK87ELrYOSESUYeVIc9mvLLf/nXalMOS5dYrgZq9o5OVkbZAVM06CVxYsCwH9BDZFPlQTlPA1j4ahA==",
      "dev": true
    },
    "node_modules/lockfile": {
      "version": "1.0.4",
      "resolved": "https://registry.npmjs.org/lockfile/-/lockfile-1.0.4.tgz",
      "integrity": "sha512-cvbTwETRfsFh4nHsL1eGWapU1XFi5Ot9E85sWAwia7Y7EgB7vfqcZhTKZ+l7hCGxSPoushMv5GKhT5PdLv03WA==",
      "dependencies": {
        "signal-exit": "^3.0.2"
      }
    },
    "node_modules/lodash.clonedeep": {
      "version": "4.5.0",
      "resolved": "https://registry.npmjs.org/lodash.clonedeep/-/lodash.clonedeep-4.5.0.tgz",
      "integrity": "sha1-4j8/nE+Pvd6HJSnBBxhXoIblzO8=",
      "dev": true
    },
    "node_modules/lru-cache": {
      "version": "10.2.0",
      "resolved": "https://registry.npmjs.org/lru-cache/-/lru-cache-10.2.0.tgz",
      "integrity": "sha512-2bIM8x+VAf6JT4bKAljS1qUWgMsqZRPGJS6FSahIMPVvctcNhyVp7AJu7quxOW9jwkryBReKZY5tY5JYv2n/7Q==",
      "dev": true,
      "engines": {
        "node": "14 || >=16.14"
      }
    },
    "node_modules/promise-coalesce": {
      "version": "1.1.2",
      "resolved": "https://registry.npmjs.org/promise-coalesce/-/promise-coalesce-1.1.2.tgz",
      "integrity": "sha512-zLaJ9b8hnC564fnJH6NFSOGZYYdzrAJn2JUUIwzoQb32fG2QAakpDNM+CZo1km6keXkRXRM+hml1BFAPVnPkxg==",
      "dev": true,
      "engines": {
        "node": ">=16"
      }
    },
    "node_modules/signal-exit": {
      "version": "3.0.2",
      "resolved": "https://registry.npmjs.org/signal-exit/-/signal-exit-3.0.2.tgz",
      "integrity": "sha1-tf3AjxKH6hF4Yo5BXiUTK3NkbG0="
    }
  }
}
